
Microsoft Visual Studio Solution File, Format Version 12.00
# Visual Studio Version 16
VisualStudioVersion = 16.0.31129.286
MinimumVisualStudioVersion = 10.0.40219.1
Project("{FAE04EC0-301F-11D3-BF4B-00C04F79EFBC}") = "TalkApp", "TalkApp\TalkApp.csproj", "{C2142E0D-9822-4FEF-B59E-E8AB073E3B9D}"
EndProject
Project("{FAE04EC0-301F-11D3-BF4B-00C04F79EFBC}") = "TalkApp.Model", "TalkApp.Model\TalkApp.Model.csproj", "{D93FC58D-F71D-47F3-90A5-1D357BC826F2}"
EndProject
Global
	GlobalSection(SolutionConfigurationPlatforms) = preSolution
		Debug|Any CPU = Debug|Any CPU
		Release|Any CPU = Release|Any CPU
	EndGlobalSection
	GlobalSection(ProjectConfigurationPlatforms) = postSolution
		{C2142E0D-9822-4FEF-B59E-E8AB073E3B9D}.Debug|Any CPU.ActiveCfg = Debug|Any CPU
		{C2142E0D-9822-4FEF-B59E-E8AB073E3B9D}.Debug|Any CPU.Build.0 = Debug|Any CPU
		{C2142E0D-9822-4FEF-B59E-E8AB073E3B9D}.Release|Any CPU.ActiveCfg = Release|Any CPU
		{C2142E0D-9822-4FEF-B59E-E8AB073E3B9D}.Release|Any CPU.Build.0 = Release|Any CPU
		{D93FC58D-F71D-47F3-90A5-1D357BC826F2}.Debug|Any CPU.ActiveCfg = Debug|Any CPU
		{D93FC58D-F71D-47F3-90A5-1D357BC826F2}.Debug|Any CPU.Build.0 = Debug|Any CPU
		{D93FC58D-F71D-47F3-90A5-1D357BC826F2}.Release|Any CPU.ActiveCfg = Release|Any CPU
		{D93FC58D-F71D-47F3-90A5-1D357BC826F2}.Release|Any CPU.Build.0 = Release|Any CPU
	EndGlobalSection
	GlobalSection(SolutionProperties) = preSolution
		HideSolutionNode = FALSE
	EndGlobalSection
	GlobalSection(ExtensibilityGlobals) = postSolution
		SolutionGuid = {50426DE3-138C-4142-9395-03DB6857D75F}
	EndGlobalSection
EndGlobal
