
Microsoft Visual Studio Solution File, Format Version 12.00
# Visual Studio Version 16
VisualStudioVersion = 16.0.31129.286
MinimumVisualStudioVersion = 10.0.40219.1
Project("{9A19103F-16F7-4668-BE54-9A1E7A4F7556}") = "TalkApp", "TalkApp\TalkApp.csproj", "{C2142E0D-9822-4FEF-B59E-E8AB073E3B9D}"
EndProject
Project("{9A19103F-16F7-4668-BE54-9A1E7A4F7556}") = "TalkApp.Model", "TalkApp.Model\TalkApp.Model.csproj", "{D93FC58D-F71D-47F3-90A5-1D357BC826F2}"
EndProject
Project("{9A19103F-16F7-4668-BE54-9A1E7A4F7556}") = "DotNetNote.Models", "DotNetNote.Models\DotNetNote.Models.csproj", "{B771F343-90CC-408A-9EBE-BC0449C5FA95}"
EndProject
Project("{00D1A9C2-B5F0-4AF3-8072-F6C62B433612}") = "DotNetNote.SqlServer", "DotNetNote.SqlServer\DotNetNote.SqlServer.sqlproj", "{DE79B7EE-1FA4-42ED-8FD9-3DB4203F32A9}"
EndProject
Project("{9A19103F-16F7-4668-BE54-9A1E7A4F7556}") = "DotNetNote.BlazorServer", "DotNetNote.BlazorServer\DotNetNote.BlazorServer.csproj", "{221475F3-810B-4A3E-BE2D-BE99A03CDE3D}"
EndProject
Project("{2150E333-8FDC-42A3-9474-1A3956D46DE8}") = "_TalkApp", "_TalkApp", "{99E24D07-9142-4629-A582-7DE2CDBDA65D}"
EndProject
Project("{9A19103F-16F7-4668-BE54-9A1E7A4F7556}") = "Dul.Data", "Dul.Data\Dul.Data.csproj", "{2855F0CF-683E-4DBC-B3CB-EA6C19646A8C}"
EndProject
Project("{2150E333-8FDC-42A3-9474-1A3956D46DE8}") = "_DotNetNote", "_DotNetNote", "{048BEBB5-996B-4B69-AB15-2C4BDCAA85E4}"
EndProject
Project("{9A19103F-16F7-4668-BE54-9A1E7A4F7556}") = "IdeaApp.Models", "IdeaApp.Models\IdeaApp.Models.csproj", "{52397B28-3AF2-4B73-9309-F657A274A8B3}"
EndProject
Project("{9A19103F-16F7-4668-BE54-9A1E7A4F7556}") = "IdeaApp.WinForms", "IdeaApp.WinForms\IdeaApp.WinForms.csproj", "{D2E64F7E-F291-4E6A-94F0-DE9F405A8E7D}"
EndProject
Project("{9A19103F-16F7-4668-BE54-9A1E7A4F7556}") = "IdeaApp.Core", "IdeaApp.Core\IdeaApp.Core.csproj", "{F0A35DBB-D465-4274-947A-FB6DDCA9269F}"
EndProject
Project("{2150E333-8FDC-42A3-9474-1A3956D46DE8}") = "_IdeaApp", "_IdeaApp", "{8B664C70-75C5-4C7E-9C46-43D03DB9FC72}"
EndProject
Project("{9A19103F-16F7-4668-BE54-9A1E7A4F7556}") = "ScaffoldingDemo", "ScaffoldingDemo\ScaffoldingDemo.csproj", "{92281442-C1B6-408B-BCBD-3188C20694F9}"
EndProject
Project("{9A19103F-16F7-4668-BE54-9A1E7A4F7556}") = "DotNetNote.Angular", "DotNetNote.Angular\DotNetNote.Angular.csproj", "{506A174A-3148-4137-BB1B-10ECCC29ECEF}"
EndProject
Project("{9A19103F-16F7-4668-BE54-9A1E7A4F7556}") = "DotNetSale.Devices", "DotNetSale.Devices\DotNetSale.Devices.csproj", "{F79F8DE4-A172-4A12-A4BF-148D3022ED19}"
EndProject
Project("{2150E333-8FDC-42A3-9474-1A3956D46DE8}") = "_ETC", "_ETC", "{4E7A3811-882F-497D-99ED-A6B44FB9CB0D}"
	ProjectSection(SolutionItems) = preProject
		TextFile1.txt = TextFile1.txt
	EndProjectSection
EndProject
Project("{9A19103F-16F7-4668-BE54-9A1E7A4F7556}") = "DotNetNote", "DotNetNote\DotNetNote.csproj", "{C3A7B62C-C29A-4D68-81E4-38D6E7174E20}"
EndProject
Global
	GlobalSection(SolutionConfigurationPlatforms) = preSolution
		Debug|Any CPU = Debug|Any CPU
		Release|Any CPU = Release|Any CPU
	EndGlobalSection
	GlobalSection(ProjectConfigurationPlatforms) = postSolution
		{C2142E0D-9822-4FEF-B59E-E8AB073E3B9D}.Debug|Any CPU.ActiveCfg = Debug|Any CPU
		{C2142E0D-9822-4FEF-B59E-E8AB073E3B9D}.Debug|Any CPU.Build.0 = Debug|Any CPU
		{C2142E0D-9822-4FEF-B59E-E8AB073E3B9D}.Release|Any CPU.ActiveCfg = Release|Any CPU
		{C2142E0D-9822-4FEF-B59E-E8AB073E3B9D}.Release|Any CPU.Build.0 = Release|Any CPU
		{D93FC58D-F71D-47F3-90A5-1D357BC826F2}.Debug|Any CPU.ActiveCfg = Debug|Any CPU
		{D93FC58D-F71D-47F3-90A5-1D357BC826F2}.Debug|Any CPU.Build.0 = Debug|Any CPU
		{D93FC58D-F71D-47F3-90A5-1D357BC826F2}.Release|Any CPU.ActiveCfg = Release|Any CPU
		{D93FC58D-F71D-47F3-90A5-1D357BC826F2}.Release|Any CPU.Build.0 = Release|Any CPU
		{B771F343-90CC-408A-9EBE-BC0449C5FA95}.Debug|Any CPU.ActiveCfg = Debug|Any CPU
		{B771F343-90CC-408A-9EBE-BC0449C5FA95}.Debug|Any CPU.Build.0 = Debug|Any CPU
		{B771F343-90CC-408A-9EBE-BC0449C5FA95}.Release|Any CPU.ActiveCfg = Release|Any CPU
		{B771F343-90CC-408A-9EBE-BC0449C5FA95}.Release|Any CPU.Build.0 = Release|Any CPU
		{DE79B7EE-1FA4-42ED-8FD9-3DB4203F32A9}.Debug|Any CPU.ActiveCfg = Debug|Any CPU
		{DE79B7EE-1FA4-42ED-8FD9-3DB4203F32A9}.Debug|Any CPU.Build.0 = Debug|Any CPU
		{DE79B7EE-1FA4-42ED-8FD9-3DB4203F32A9}.Debug|Any CPU.Deploy.0 = Debug|Any CPU
		{DE79B7EE-1FA4-42ED-8FD9-3DB4203F32A9}.Release|Any CPU.ActiveCfg = Release|Any CPU
		{DE79B7EE-1FA4-42ED-8FD9-3DB4203F32A9}.Release|Any CPU.Build.0 = Release|Any CPU
		{DE79B7EE-1FA4-42ED-8FD9-3DB4203F32A9}.Release|Any CPU.Deploy.0 = Release|Any CPU
		{221475F3-810B-4A3E-BE2D-BE99A03CDE3D}.Debug|Any CPU.ActiveCfg = Debug|Any CPU
		{221475F3-810B-4A3E-BE2D-BE99A03CDE3D}.Debug|Any CPU.Build.0 = Debug|Any CPU
		{221475F3-810B-4A3E-BE2D-BE99A03CDE3D}.Release|Any CPU.ActiveCfg = Release|Any CPU
		{221475F3-810B-4A3E-BE2D-BE99A03CDE3D}.Release|Any CPU.Build.0 = Release|Any CPU
		{2855F0CF-683E-4DBC-B3CB-EA6C19646A8C}.Debug|Any CPU.ActiveCfg = Debug|Any CPU
		{2855F0CF-683E-4DBC-B3CB-EA6C19646A8C}.Debug|Any CPU.Build.0 = Debug|Any CPU
		{2855F0CF-683E-4DBC-B3CB-EA6C19646A8C}.Release|Any CPU.ActiveCfg = Release|Any CPU
		{2855F0CF-683E-4DBC-B3CB-EA6C19646A8C}.Release|Any CPU.Build.0 = Release|Any CPU
		{52397B28-3AF2-4B73-9309-F657A274A8B3}.Debug|Any CPU.ActiveCfg = Debug|Any CPU
		{52397B28-3AF2-4B73-9309-F657A274A8B3}.Debug|Any CPU.Build.0 = Debug|Any CPU
		{52397B28-3AF2-4B73-9309-F657A274A8B3}.Release|Any CPU.ActiveCfg = Release|Any CPU
		{52397B28-3AF2-4B73-9309-F657A274A8B3}.Release|Any CPU.Build.0 = Release|Any CPU
		{D2E64F7E-F291-4E6A-94F0-DE9F405A8E7D}.Debug|Any CPU.ActiveCfg = Debug|Any CPU
		{D2E64F7E-F291-4E6A-94F0-DE9F405A8E7D}.Debug|Any CPU.Build.0 = Debug|Any CPU
		{D2E64F7E-F291-4E6A-94F0-DE9F405A8E7D}.Release|Any CPU.ActiveCfg = Release|Any CPU
		{D2E64F7E-F291-4E6A-94F0-DE9F405A8E7D}.Release|Any CPU.Build.0 = Release|Any CPU
		{F0A35DBB-D465-4274-947A-FB6DDCA9269F}.Debug|Any CPU.ActiveCfg = Debug|Any CPU
		{F0A35DBB-D465-4274-947A-FB6DDCA9269F}.Debug|Any CPU.Build.0 = Debug|Any CPU
		{F0A35DBB-D465-4274-947A-FB6DDCA9269F}.Release|Any CPU.ActiveCfg = Release|Any CPU
		{F0A35DBB-D465-4274-947A-FB6DDCA9269F}.Release|Any CPU.Build.0 = Release|Any CPU
		{92281442-C1B6-408B-BCBD-3188C20694F9}.Debug|Any CPU.ActiveCfg = Debug|Any CPU
		{92281442-C1B6-408B-BCBD-3188C20694F9}.Debug|Any CPU.Build.0 = Debug|Any CPU
		{92281442-C1B6-408B-BCBD-3188C20694F9}.Release|Any CPU.ActiveCfg = Release|Any CPU
		{92281442-C1B6-408B-BCBD-3188C20694F9}.Release|Any CPU.Build.0 = Release|Any CPU
		{506A174A-3148-4137-BB1B-10ECCC29ECEF}.Debug|Any CPU.ActiveCfg = Debug|Any CPU
		{506A174A-3148-4137-BB1B-10ECCC29ECEF}.Debug|Any CPU.Build.0 = Debug|Any CPU
		{506A174A-3148-4137-BB1B-10ECCC29ECEF}.Release|Any CPU.ActiveCfg = Release|Any CPU
		{506A174A-3148-4137-BB1B-10ECCC29ECEF}.Release|Any CPU.Build.0 = Release|Any CPU
		{F79F8DE4-A172-4A12-A4BF-148D3022ED19}.Debug|Any CPU.ActiveCfg = Debug|Any CPU
		{F79F8DE4-A172-4A12-A4BF-148D3022ED19}.Debug|Any CPU.Build.0 = Debug|Any CPU
		{F79F8DE4-A172-4A12-A4BF-148D3022ED19}.Release|Any CPU.ActiveCfg = Release|Any CPU
		{F79F8DE4-A172-4A12-A4BF-148D3022ED19}.Release|Any CPU.Build.0 = Release|Any CPU
		{C3A7B62C-C29A-4D68-81E4-38D6E7174E20}.Debug|Any CPU.ActiveCfg = Debug|Any CPU
		{C3A7B62C-C29A-4D68-81E4-38D6E7174E20}.Debug|Any CPU.Build.0 = Debug|Any CPU
		{C3A7B62C-C29A-4D68-81E4-38D6E7174E20}.Release|Any CPU.ActiveCfg = Release|Any CPU
		{C3A7B62C-C29A-4D68-81E4-38D6E7174E20}.Release|Any CPU.Build.0 = Release|Any CPU
	EndGlobalSection
	GlobalSection(SolutionProperties) = preSolution
		HideSolutionNode = FALSE
	EndGlobalSection
	GlobalSection(NestedProjects) = preSolution
		{C2142E0D-9822-4FEF-B59E-E8AB073E3B9D} = {99E24D07-9142-4629-A582-7DE2CDBDA65D}
		{D93FC58D-F71D-47F3-90A5-1D357BC826F2} = {99E24D07-9142-4629-A582-7DE2CDBDA65D}
		{B771F343-90CC-408A-9EBE-BC0449C5FA95} = {048BEBB5-996B-4B69-AB15-2C4BDCAA85E4}
		{221475F3-810B-4A3E-BE2D-BE99A03CDE3D} = {048BEBB5-996B-4B69-AB15-2C4BDCAA85E4}
		{52397B28-3AF2-4B73-9309-F657A274A8B3} = {8B664C70-75C5-4C7E-9C46-43D03DB9FC72}
		{D2E64F7E-F291-4E6A-94F0-DE9F405A8E7D} = {8B664C70-75C5-4C7E-9C46-43D03DB9FC72}
		{F0A35DBB-D465-4274-947A-FB6DDCA9269F} = {8B664C70-75C5-4C7E-9C46-43D03DB9FC72}
		{92281442-C1B6-408B-BCBD-3188C20694F9} = {4E7A3811-882F-497D-99ED-A6B44FB9CB0D}
		{506A174A-3148-4137-BB1B-10ECCC29ECEF} = {048BEBB5-996B-4B69-AB15-2C4BDCAA85E4}
		{F79F8DE4-A172-4A12-A4BF-148D3022ED19} = {4E7A3811-882F-497D-99ED-A6B44FB9CB0D}
		{C3A7B62C-C29A-4D68-81E4-38D6E7174E20} = {048BEBB5-996B-4B69-AB15-2C4BDCAA85E4}
	EndGlobalSection
	GlobalSection(ExtensibilityGlobals) = postSolution
		SolutionGuid = {50426DE3-138C-4142-9395-03DB6857D75F}
	EndGlobalSection
EndGlobal
